// !$*UTF8*$!
{
	archiveVersion = 1;
	classes = {
	};
	objectVersion = 51;
	objects = {

/* Begin PBXBuildFile section */
		941C2DA423D5E41500759745 /* AppDelegate.swift in Sources */ = {isa = PBXBuildFile; fileRef = 941C2DA323D5E41500759745 /* AppDelegate.swift */; };
		941C2DA823D5E41500759745 /* ViewController.swift in Sources */ = {isa = PBXBuildFile; fileRef = 941C2DA723D5E41500759745 /* ViewController.swift */; };
		941C2DAD23D5E41700759745 /* Assets.xcassets in Resources */ = {isa = PBXBuildFile; fileRef = 941C2DAC23D5E41700759745 /* Assets.xcassets */; };
		941C2DB023D5E41700759745 /* LaunchScreen.storyboard in Resources */ = {isa = PBXBuildFile; fileRef = 941C2DAE23D5E41700759745 /* LaunchScreen.storyboard */; };
		941C2DB823D5F46B00759745 /* WeatherCell.swift in Sources */ = {isa = PBXBuildFile; fileRef = 941C2DB723D5F46B00759745 /* WeatherCell.swift */; };
		941C2DBA23D6831700759745 /* WeatherModel.swift in Sources */ = {isa = PBXBuildFile; fileRef = 941C2DB923D6831700759745 /* WeatherModel.swift */; };
		94D5AD4923D86B4F005A7415 /* FirstTableViewCell.swift in Sources */ = {isa = PBXBuildFile; fileRef = 94D5AD4823D86B4F005A7415 /* FirstTableViewCell.swift */; };
		94D5AD4B23D86B5A005A7415 /* SecondTableViewCell.swift in Sources */ = {isa = PBXBuildFile; fileRef = 94D5AD4A23D86B5A005A7415 /* SecondTableViewCell.swift */; };
		94D5AD4D23D86B60005A7415 /* ThirdTableViewCell.swift in Sources */ = {isa = PBXBuildFile; fileRef = 94D5AD4C23D86B60005A7415 /* ThirdTableViewCell.swift */; };
		94D5AD4F23D86B6A005A7415 /* FourthTableViewCell.swift in Sources */ = {isa = PBXBuildFile; fileRef = 94D5AD4E23D86B6A005A7415 /* FourthTableViewCell.swift */; };
		94D5AD5123D86B72005A7415 /* FifthTableViewCell.swift in Sources */ = {isa = PBXBuildFile; fileRef = 94D5AD5023D86B72005A7415 /* FifthTableViewCell.swift */; };
		94D5AD5323D86BCD005A7415 /* CollectionViewCell.swift in Sources */ = {isa = PBXBuildFile; fileRef = 94D5AD5223D86BCD005A7415 /* CollectionViewCell.swift */; };
		9C008E5B8B12D086F16FB169 /* Pods_Weather.framework in Frameworks */ = {isa = PBXBuildFile; fileRef = ACB7D896BC566285D54328C2 /* Pods_Weather.framework */; };
/* End PBXBuildFile section */

/* Begin PBXFileReference section */
		22CDB75694EA374E2257E438 /* Pods-Weather.release.xcconfig */ = {isa = PBXFileReference; includeInIndex = 1; lastKnownFileType = text.xcconfig; name = "Pods-Weather.release.xcconfig"; path = "Target Support Files/Pods-Weather/Pods-Weather.release.xcconfig"; sourceTree = "<group>"; };
		941C2DA023D5E41500759745 /* Weather.app */ = {isa = PBXFileReference; explicitFileType = wrapper.application; includeInIndex = 0; path = Weather.app; sourceTree = BUILT_PRODUCTS_DIR; };
		941C2DA323D5E41500759745 /* AppDelegate.swift */ = {isa = PBXFileReference; lastKnownFileType = sourcecode.swift; path = AppDelegate.swift; sourceTree = "<group>"; };
		941C2DA723D5E41500759745 /* ViewController.swift */ = {isa = PBXFileReference; lastKnownFileType = sourcecode.swift; path = ViewController.swift; sourceTree = "<group>"; };
		941C2DAC23D5E41700759745 /* Assets.xcassets */ = {isa = PBXFileReference; lastKnownFileType = folder.assetcatalog; path = Assets.xcassets; sourceTree = "<group>"; };
		941C2DAF23D5E41700759745 /* Base */ = {isa = PBXFileReference; lastKnownFileType = file.storyboard; name = Base; path = Base.lproj/LaunchScreen.storyboard; sourceTree = "<group>"; };
		941C2DB123D5E41700759745 /* Info.plist */ = {isa = PBXFileReference; lastKnownFileType = text.plist.xml; path = Info.plist; sourceTree = "<group>"; };
		941C2DB723D5F46B00759745 /* WeatherCell.swift */ = {isa = PBXFileReference; lastKnownFileType = sourcecode.swift; path = WeatherCell.swift; sourceTree = "<group>"; };
		941C2DB923D6831700759745 /* WeatherModel.swift */ = {isa = PBXFileReference; lastKnownFileType = sourcecode.swift; path = WeatherModel.swift; sourceTree = "<group>"; };
		94D5AD4823D86B4F005A7415 /* FirstTableViewCell.swift */ = {isa = PBXFileReference; lastKnownFileType = sourcecode.swift; path = FirstTableViewCell.swift; sourceTree = "<group>"; };
		94D5AD4A23D86B5A005A7415 /* SecondTableViewCell.swift */ = {isa = PBXFileReference; lastKnownFileType = sourcecode.swift; path = SecondTableViewCell.swift; sourceTree = "<group>"; };
		94D5AD4C23D86B60005A7415 /* ThirdTableViewCell.swift */ = {isa = PBXFileReference; lastKnownFileType = sourcecode.swift; path = ThirdTableViewCell.swift; sourceTree = "<group>"; };
		94D5AD4E23D86B6A005A7415 /* FourthTableViewCell.swift */ = {isa = PBXFileReference; lastKnownFileType = sourcecode.swift; path = FourthTableViewCell.swift; sourceTree = "<group>"; };
		94D5AD5023D86B72005A7415 /* FifthTableViewCell.swift */ = {isa = PBXFileReference; lastKnownFileType = sourcecode.swift; path = FifthTableViewCell.swift; sourceTree = "<group>"; };
		94D5AD5223D86BCD005A7415 /* CollectionViewCell.swift */ = {isa = PBXFileReference; lastKnownFileType = sourcecode.swift; path = CollectionViewCell.swift; sourceTree = "<group>"; };
		ACB7D896BC566285D54328C2 /* Pods_Weather.framework */ = {isa = PBXFileReference; explicitFileType = wrapper.framework; includeInIndex = 0; path = Pods_Weather.framework; sourceTree = BUILT_PRODUCTS_DIR; };
		E90D63F2F1D704924BE764EC /* Pods-Weather.debug.xcconfig */ = {isa = PBXFileReference; includeInIndex = 1; lastKnownFileType = text.xcconfig; name = "Pods-Weather.debug.xcconfig"; path = "Target Support Files/Pods-Weather/Pods-Weather.debug.xcconfig"; sourceTree = "<group>"; };
/* End PBXFileReference section */

/* Begin PBXFrameworksBuildPhase section */
		941C2D9D23D5E41500759745 /* Frameworks */ = {
			isa = PBXFrameworksBuildPhase;
			buildActionMask = 2147483647;
			files = (
				9C008E5B8B12D086F16FB169 /* Pods_Weather.framework in Frameworks */,
			);
			runOnlyForDeploymentPostprocessing = 0;
		};
/* End PBXFrameworksBuildPhase section */

/* Begin PBXGroup section */
		533BBD3ADF52966983BC80BF /* Pods */ = {
			isa = PBXGroup;
			children = (
				E90D63F2F1D704924BE764EC /* Pods-Weather.debug.xcconfig */,
				22CDB75694EA374E2257E438 /* Pods-Weather.release.xcconfig */,
			);
			path = Pods;
			sourceTree = "<group>";
		};
		941C2D9723D5E41400759745 = {
			isa = PBXGroup;
			children = (
				941C2DA223D5E41500759745 /* Weather */,
				941C2DA123D5E41500759745 /* Products */,
				533BBD3ADF52966983BC80BF /* Pods */,
				BF2211D66CF650DDB63A3AB9 /* Frameworks */,
			);
			sourceTree = "<group>";
		};
		941C2DA123D5E41500759745 /* Products */ = {
			isa = PBXGroup;
			children = (
				941C2DA023D5E41500759745 /* Weather.app */,
			);
			name = Products;
			sourceTree = "<group>";
		};
		941C2DA223D5E41500759745 /* Weather */ = {
			isa = PBXGroup;
			children = (
				94D5AD4723D86B42005A7415 /* Cell */,
				941C2DA323D5E41500759745 /* AppDelegate.swift */,
				941C2DA723D5E41500759745 /* ViewController.swift */,
				941C2DB923D6831700759745 /* WeatherModel.swift */,
				941C2DB723D5F46B00759745 /* WeatherCell.swift */,
				941C2DAC23D5E41700759745 /* Assets.xcassets */,
				941C2DAE23D5E41700759745 /* LaunchScreen.storyboard */,
				941C2DB123D5E41700759745 /* Info.plist */,
			);
			path = Weather;
			sourceTree = "<group>";
		};
		94D5AD4723D86B42005A7415 /* Cell */ = {
			isa = PBXGroup;
			children = (
				94D5AD4823D86B4F005A7415 /* FirstTableViewCell.swift */,
				94D5AD4A23D86B5A005A7415 /* SecondTableViewCell.swift */,
				94D5AD4C23D86B60005A7415 /* ThirdTableViewCell.swift */,
				94D5AD4E23D86B6A005A7415 /* FourthTableViewCell.swift */,
				94D5AD5023D86B72005A7415 /* FifthTableViewCell.swift */,
				94D5AD5223D86BCD005A7415 /* CollectionViewCell.swift */,
			);
			path = Cell;
			sourceTree = "<group>";
		};
		BF2211D66CF650DDB63A3AB9 /* Frameworks */ = {
			isa = PBXGroup;
			children = (
				ACB7D896BC566285D54328C2 /* Pods_Weather.framework */,
			);
			name = Frameworks;
			sourceTree = "<group>";
		};
/* End PBXGroup section */

/* Begin PBXNativeTarget section */
		941C2D9F23D5E41500759745 /* Weather */ = {
			isa = PBXNativeTarget;
			buildConfigurationList = 941C2DB423D5E41700759745 /* Build configuration list for PBXNativeTarget "Weather" */;
			buildPhases = (
				F743D5DDE6AD9023406B8263 /* [CP] Check Pods Manifest.lock */,
				941C2D9C23D5E41500759745 /* Sources */,
				941C2D9D23D5E41500759745 /* Frameworks */,
				941C2D9E23D5E41500759745 /* Resources */,
				E15F8E52592E6DEE65C05EF0 /* [CP] Embed Pods Frameworks */,
			);
			buildRules = (
			);
			dependencies = (
			);
			name = Weather;
			productName = Weather;
			productReference = 941C2DA023D5E41500759745 /* Weather.app */;
			productType = "com.apple.product-type.application";
		};
/* End PBXNativeTarget section */

/* Begin PBXProject section */
		941C2D9823D5E41400759745 /* Project object */ = {
			isa = PBXProject;
			attributes = {
				LastSwiftUpdateCheck = 1130;
				LastUpgradeCheck = 1130;
				ORGANIZATIONNAME = Ryan;
				TargetAttributes = {
					941C2D9F23D5E41500759745 = {
						CreatedOnToolsVersion = 11.3;
					};
				};
			};
			buildConfigurationList = 941C2D9B23D5E41500759745 /* Build configuration list for PBXProject "Weather" */;
			compatibilityVersion = "Xcode 9.3";
			developmentRegion = en;
			hasScannedForEncodings = 0;
			knownRegions = (
				en,
				Base,
			);
			mainGroup = 941C2D9723D5E41400759745;
			productRefGroup = 941C2DA123D5E41500759745 /* Products */;
			projectDirPath = "";
			projectRoot = "";
			targets = (
				941C2D9F23D5E41500759745 /* Weather */,
			);
		};
/* End PBXProject section */

/* Begin PBXResourcesBuildPhase section */
		941C2D9E23D5E41500759745 /* Resources */ = {
			isa = PBXResourcesBuildPhase;
			buildActionMask = 2147483647;
			files = (
				941C2DB023D5E41700759745 /* LaunchScreen.storyboard in Resources */,
				941C2DAD23D5E41700759745 /* Assets.xcassets in Resources */,
			);
			runOnlyForDeploymentPostprocessing = 0;
		};
/* End PBXResourcesBuildPhase section */

/* Begin PBXShellScriptBuildPhase section */
		E15F8E52592E6DEE65C05EF0 /* [CP] Embed Pods Frameworks */ = {
			isa = PBXShellScriptBuildPhase;
			buildActionMask = 2147483647;
			files = (
			);
			inputFileListPaths = (
				"${PODS_ROOT}/Target Support Files/Pods-Weather/Pods-Weather-frameworks-${CONFIGURATION}-input-files.xcfilelist",
			);
			name = "[CP] Embed Pods Frameworks";
			outputFileListPaths = (
				"${PODS_ROOT}/Target Support Files/Pods-Weather/Pods-Weather-frameworks-${CONFIGURATION}-output-files.xcfilelist",
			);
			runOnlyForDeploymentPostprocessing = 0;
			shellPath = /bin/sh;
			shellScript = "\"${PODS_ROOT}/Target Support Files/Pods-Weather/Pods-Weather-frameworks.sh\"\n";
			showEnvVarsInLog = 0;
		};
		F743D5DDE6AD9023406B8263 /* [CP] Check Pods Manifest.lock */ = {
			isa = PBXShellScriptBuildPhase;
			buildActionMask = 2147483647;
			files = (
			);
			inputFileListPaths = (
			);
			inputPaths = (
				"${PODS_PODFILE_DIR_PATH}/Podfile.lock",
				"${PODS_ROOT}/Manifest.lock",
			);
			name = "[CP] Check Pods Manifest.lock";
			outputFileListPaths = (
			);
			outputPaths = (
				"$(DERIVED_FILE_DIR)/Pods-Weather-checkManifestLockResult.txt",
			);
			runOnlyForDeploymentPostprocessing = 0;
			shellPath = /bin/sh;
			shellScript = "diff \"${PODS_PODFILE_DIR_PATH}/Podfile.lock\" \"${PODS_ROOT}/Manifest.lock\" > /dev/null\nif [ $? != 0 ] ; then\n    # print error to STDERR\n    echo \"error: The sandbox is not in sync with the Podfile.lock. Run 'pod install' or update your CocoaPods installation.\" >&2\n    exit 1\nfi\n# This output is used by Xcode 'outputs' to avoid re-running this script phase.\necho \"SUCCESS\" > \"${SCRIPT_OUTPUT_FILE_0}\"\n";
			showEnvVarsInLog = 0;
		};
/* End PBXShellScriptBuildPhase section */

/* Begin PBXSourcesBuildPhase section */
		941C2D9C23D5E41500759745 /* Sources */ = {
			isa = PBXSourcesBuildPhase;
			buildActionMask = 2147483647;
			files = (
				94D5AD5323D86BCD005A7415 /* CollectionViewCell.swift in Sources */,
				941C2DA823D5E41500759745 /* ViewController.swift in Sources */,
				941C2DA423D5E41500759745 /* AppDelegate.swift in Sources */,
				94D5AD4923D86B4F005A7415 /* FirstTableViewCell.swift in Sources */,
				94D5AD5123D86B72005A7415 /* FifthTableViewCell.swift in Sources */,
				941C2DBA23D6831700759745 /* WeatherModel.swift in Sources */,
				941C2DB823D5F46B00759745 /* WeatherCell.swift in Sources */,
				94D5AD4B23D86B5A005A7415 /* SecondTableViewCell.swift in Sources */,
				94D5AD4D23D86B60005A7415 /* ThirdTableViewCell.swift in Sources */,
				94D5AD4F23D86B6A005A7415 /* FourthTableViewCell.swift in Sources */,
			);
			runOnlyForDeploymentPostprocessing = 0;
		};
/* End PBXSourcesBuildPhase section */

/* Begin PBXVariantGroup section */
		941C2DAE23D5E41700759745 /* LaunchScreen.storyboard */ = {
			isa = PBXVariantGroup;
			children = (
				941C2DAF23D5E41700759745 /* Base */,
			);
			name = LaunchScreen.storyboard;
			sourceTree = "<group>";
		};
/* End PBXVariantGroup section */

/* Begin XCBuildConfiguration section */
		941C2DB223D5E41700759745 /* Debug */ = {
			isa = XCBuildConfiguration;
			buildSettings = {
				ALWAYS_SEARCH_USER_PATHS = NO;
				CLANG_ANALYZER_NONNULL = YES;
				CLANG_ANALYZER_NUMBER_OBJECT_CONVERSION = YES_AGGRESSIVE;
				CLANG_CXX_LANGUAGE_STANDARD = "gnu++14";
				CLANG_CXX_LIBRARY = "libc++";
				CLANG_ENABLE_MODULES = YES;
				CLANG_ENABLE_OBJC_ARC = YES;
				CLANG_ENABLE_OBJC_WEAK = YES;
				CLANG_WARN_BLOCK_CAPTURE_AUTORELEASING = YES;
				CLANG_WARN_BOOL_CONVERSION = YES;
				CLANG_WARN_COMMA = YES;
				CLANG_WARN_CONSTANT_CONVERSION = YES;
				CLANG_WARN_DEPRECATED_OBJC_IMPLEMENTATIONS = YES;
				CLANG_WARN_DIRECT_OBJC_ISA_USAGE = YES_ERROR;
				CLANG_WARN_DOCUMENTATION_COMMENTS = YES;
				CLANG_WARN_EMPTY_BODY = YES;
				CLANG_WARN_ENUM_CONVERSION = YES;
				CLANG_WARN_INFINITE_RECURSION = YES;
				CLANG_WARN_INT_CONVERSION = YES;
				CLANG_WARN_NON_LITERAL_NULL_CONVERSION = YES;
				CLANG_WARN_OBJC_IMPLICIT_RETAIN_SELF = YES;
				CLANG_WARN_OBJC_LITERAL_CONVERSION = YES;
				CLANG_WARN_OBJC_ROOT_CLASS = YES_ERROR;
				CLANG_WARN_RANGE_LOOP_ANALYSIS = YES;
				CLANG_WARN_STRICT_PROTOTYPES = YES;
				CLANG_WARN_SUSPICIOUS_MOVE = YES;
				CLANG_WARN_UNGUARDED_AVAILABILITY = YES_AGGRESSIVE;
				CLANG_WARN_UNREACHABLE_CODE = YES;
				CLANG_WARN__DUPLICATE_METHOD_MATCH = YES;
				COPY_PHASE_STRIP = NO;
				DEBUG_INFORMATION_FORMAT = dwarf;
				ENABLE_STRICT_OBJC_MSGSEND = YES;
				ENABLE_TESTABILITY = YES;
				GCC_C_LANGUAGE_STANDARD = gnu11;
				GCC_DYNAMIC_NO_PIC = NO;
				GCC_NO_COMMON_BLOCKS = YES;
				GCC_OPTIMIZATION_LEVEL = 0;
				GCC_PREPROCESSOR_DEFINITIONS = (
					"DEBUG=1",
					"$(inherited)",
				);
				GCC_WARN_64_TO_32_BIT_CONVERSION = YES;
				GCC_WARN_ABOUT_RETURN_TYPE = YES_ERROR;
				GCC_WARN_UNDECLARED_SELECTOR = YES;
				GCC_WARN_UNINITIALIZED_AUTOS = YES_AGGRESSIVE;
				GCC_WARN_UNUSED_FUNCTION = YES;
				GCC_WARN_UNUSED_VARIABLE = YES;
				IPHONEOS_DEPLOYMENT_TARGET = 13.2;
				MTL_ENABLE_DEBUG_INFO = INCLUDE_SOURCE;
				MTL_FAST_MATH = YES;
				ONLY_ACTIVE_ARCH = YES;
				SDKROOT = iphoneos;
				SWIFT_ACTIVE_COMPILATION_CONDITIONS = DEBUG;
				SWIFT_OPTIMIZATION_LEVEL = "-Onone";
			};
			name = Debug;
		};
		941C2DB323D5E41700759745 /* Release */ = {
			isa = XCBuildConfiguration;
			buildSettings = {
				ALWAYS_SEARCH_USER_PATHS = NO;
				CLANG_ANALYZER_NONNULL = YES;
				CLANG_ANALYZER_NUMBER_OBJECT_CONVERSION = YES_AGGRESSIVE;
				CLANG_CXX_LANGUAGE_STANDARD = "gnu++14";
				CLANG_CXX_LIBRARY = "libc++";
				CLANG_ENABLE_MODULES = YES;
				CLANG_ENABLE_OBJC_ARC = YES;
				CLANG_ENABLE_OBJC_WEAK = YES;
				CLANG_WARN_BLOCK_CAPTURE_AUTORELEASING = YES;
				CLANG_WARN_BOOL_CONVERSION = YES;
				CLANG_WARN_COMMA = YES;
				CLANG_WARN_CONSTANT_CONVERSION = YES;
				CLANG_WARN_DEPRECATED_OBJC_IMPLEMENTATIONS = YES;
				CLANG_WARN_DIRECT_OBJC_ISA_USAGE = YES_ERROR;
				CLANG_WARN_DOCUMENTATION_COMMENTS = YES;
				CLANG_WARN_EMPTY_BODY = YES;
				CLANG_WARN_ENUM_CONVERSION = YES;
				CLANG_WARN_INFINITE_RECURSION = YES;
				CLANG_WARN_INT_CONVERSION = YES;
				CLANG_WARN_NON_LITERAL_NULL_CONVERSION = YES;
				CLANG_WARN_OBJC_IMPLICIT_RETAIN_SELF = YES;
				CLANG_WARN_OBJC_LITERAL_CONVERSION = YES;
				CLANG_WARN_OBJC_ROOT_CLASS = YES_ERROR;
				CLANG_WARN_RANGE_LOOP_ANALYSIS = YES;
				CLANG_WARN_STRICT_PROTOTYPES = YES;
				CLANG_WARN_SUSPICIOUS_MOVE = YES;
				CLANG_WARN_UNGUARDED_AVAILABILITY = YES_AGGRESSIVE;
				CLANG_WARN_UNREACHABLE_CODE = YES;
				CLANG_WARN__DUPLICATE_METHOD_MATCH = YES;
				COPY_PHASE_STRIP = NO;
				DEBUG_INFORMATION_FORMAT = "dwarf-with-dsym";
				ENABLE_NS_ASSERTIONS = NO;
				ENABLE_STRICT_OBJC_MSGSEND = YES;
				GCC_C_LANGUAGE_STANDARD = gnu11;
				GCC_NO_COMMON_BLOCKS = YES;
				GCC_WARN_64_TO_32_BIT_CONVERSION = YES;
				GCC_WARN_ABOUT_RETURN_TYPE = YES_ERROR;
				GCC_WARN_UNDECLARED_SELECTOR = YES;
				GCC_WARN_UNINITIALIZED_AUTOS = YES_AGGRESSIVE;
				GCC_WARN_UNUSED_FUNCTION = YES;
				GCC_WARN_UNUSED_VARIABLE = YES;
				IPHONEOS_DEPLOYMENT_TARGET = 13.2;
				MTL_ENABLE_DEBUG_INFO = NO;
				MTL_FAST_MATH = YES;
				SDKROOT = iphoneos;
				SWIFT_COMPILATION_MODE = wholemodule;
				SWIFT_OPTIMIZATION_LEVEL = "-O";
				VALIDATE_PRODUCT = YES;
			};
			name = Release;
		};
		941C2DB523D5E41700759745 /* Debug */ = {
			isa = XCBuildConfiguration;
			baseConfigurationReference = E90D63F2F1D704924BE764EC /* Pods-Weather.debug.xcconfig */;
			buildSettings = {
				ASSETCATALOG_COMPILER_APPICON_NAME = AppIcon;
				CODE_SIGN_STYLE = Automatic;
				DEVELOPMENT_TEAM = 3637HX3BF8;
				INFOPLIST_FILE = Weather/Info.plist;
				IPHONEOS_DEPLOYMENT_TARGET = 12.0;
				LD_RUNPATH_SEARCH_PATHS = (
					"$(inherited)",
					"@executable_path/Frameworks",
				);
				PRODUCT_BUNDLE_IDENTIFIER = "Ryan.com.Project-07---Random-Color-Gradient";
				PRODUCT_NAME = "$(TARGET_NAME)";
				SWIFT_VERSION = 5.0;
				TARGETED_DEVICE_FAMILY = "1,2";
			};
			name = Debug;
		};
		941C2DB623D5E41700759745 /* Release */ = {
			isa = XCBuildConfiguration;
			baseConfigurationReference = 22CDB75694EA374E2257E438 /* Pods-Weather.release.xcconfig */;
			buildSettings = {
				ASSETCATALOG_COMPILER_APPICON_NAME = AppIcon;
				CODE_SIGN_STYLE = Automatic;
				DEVELOPMENT_TEAM = 3637HX3BF8;
				INFOPLIST_FILE = Weather/Info.plist;
				IPHONEOS_DEPLOYMENT_TARGET = 12.0;
				LD_RUNPATH_SEARCH_PATHS = (
					"$(inherited)",
					"@executable_path/Frameworks",
				);
				PRODUCT_BUNDLE_IDENTIFIER = "Ryan.com.Project-07---Random-Color-Gradient";
				PRODUCT_NAME = "$(TARGET_NAME)";
				SWIFT_VERSION = 5.0;
				TARGETED_DEVICE_FAMILY = "1,2";
			};
			name = Release;
		};
/* End XCBuildConfiguration section */

/* Begin XCConfigurationList section */
		941C2D9B23D5E41500759745 /* Build configuration list for PBXProject "Weather" */ = {
			isa = XCConfigurationList;
			buildConfigurations = (
				941C2DB223D5E41700759745 /* Debug */,
				941C2DB323D5E41700759745 /* Release */,
			);
			defaultConfigurationIsVisible = 0;
			defaultConfigurationName = Release;
		};
		941C2DB423D5E41700759745 /* Build configuration list for PBXNativeTarget "Weather" */ = {
			isa = XCConfigurationList;
			buildConfigurations = (
				941C2DB523D5E41700759745 /* Debug */,
				941C2DB623D5E41700759745 /* Release */,
			);
			defaultConfigurationIsVisible = 0;
			defaultConfigurationName = Release;
		};
/* End XCConfigurationList section */
	};
	rootObject = 941C2D9823D5E41400759745 /* Project object */;
}
